
Microsoft Visual Studio Solution File, Format Version 12.00
# Visual Studio Version 16
VisualStudioVersion = 16.0.31205.134
MinimumVisualStudioVersion = 10.0.40219.1
Project("{00D1A9C2-B5F0-4AF3-8072-F6C62B433612}") = "SuitAlterationManager.Database", "SuitAlterationManager.Database\SuitAlterationManager.Database.sqlproj", "{401515D2-CAFC-4763-BF56-1A5C09D24D00}"
EndProject
Global
	GlobalSection(SolutionConfigurationPlatforms) = preSolution
		Debug|Any CPU = Debug|Any CPU
		Release|Any CPU = Release|Any CPU
	EndGlobalSection
	GlobalSection(ProjectConfigurationPlatforms) = postSolution
		{401515D2-CAFC-4763-BF56-1A5C09D24D00}.Debug|Any CPU.ActiveCfg = Debug|Any CPU
		{401515D2-CAFC-4763-BF56-1A5C09D24D00}.Debug|Any CPU.Build.0 = Debug|Any CPU
		{401515D2-CAFC-4763-BF56-1A5C09D24D00}.Debug|Any CPU.Deploy.0 = Debug|Any CPU
		{401515D2-CAFC-4763-BF56-1A5C09D24D00}.Release|Any CPU.ActiveCfg = Release|Any CPU
		{401515D2-CAFC-4763-BF56-1A5C09D24D00}.Release|Any CPU.Build.0 = Release|Any CPU
		{401515D2-CAFC-4763-BF56-1A5C09D24D00}.Release|Any CPU.Deploy.0 = Release|Any CPU
	EndGlobalSection
	GlobalSection(SolutionProperties) = preSolution
		HideSolutionNode = FALSE
	EndGlobalSection
	GlobalSection(ExtensibilityGlobals) = postSolution
		SolutionGuid = {B64D7302-9C9D-4FF4-AA04-80EB682F94FD}
	EndGlobalSection
EndGlobal
